
Microsoft Visual Studio Solution File, Format Version 12.00
# Visual Studio Version 18
VisualStudioVersion = 18.2.11415.280 d18.0
MinimumVisualStudioVersion = 10.0.40219.1
Project("{9A19103F-16F7-4668-BE54-9A1E7A4F7556}") = "TypeNameInterpretation", "TypeNameInterpretation\TypeNameInterpretation.csproj", "{45DFEA59-07B3-46FB-955B-B80F57E644C7}"
EndProject
Project("{9A19103F-16F7-4668-BE54-9A1E7A4F7556}") = "TypeNameInterpretation.Test", "TypeNameInterpretation.Test\TypeNameInterpretation.Test.csproj", "{8D526B4F-0F2B-40DA-A39C-CFEB504B72EF}"
EndProject
Project("{9A19103F-16F7-4668-BE54-9A1E7A4F7556}") = "TypeNameInterpretation.Benchmark", "TypeNameInterpretation.Benchmark\TypeNameInterpretation.Benchmark.csproj", "{4F23DBF5-BB1D-4899-AE6D-1F0C587A4EE2}"
EndProject
Global
	GlobalSection(SolutionConfigurationPlatforms) = preSolution
		Debug|Any CPU = Debug|Any CPU
		Release|Any CPU = Release|Any CPU
	EndGlobalSection
	GlobalSection(ProjectConfigurationPlatforms) = postSolution
		{45DFEA59-07B3-46FB-955B-B80F57E644C7}.Debug|Any CPU.ActiveCfg = Debug|Any CPU
		{45DFEA59-07B3-46FB-955B-B80F57E644C7}.Debug|Any CPU.Build.0 = Debug|Any CPU
		{45DFEA59-07B3-46FB-955B-B80F57E644C7}.Release|Any CPU.ActiveCfg = Release|Any CPU
		{45DFEA59-07B3-46FB-955B-B80F57E644C7}.Release|Any CPU.Build.0 = Release|Any CPU
		{8D526B4F-0F2B-40DA-A39C-CFEB504B72EF}.Debug|Any CPU.ActiveCfg = Debug|Any CPU
		{8D526B4F-0F2B-40DA-A39C-CFEB504B72EF}.Debug|Any CPU.Build.0 = Debug|Any CPU
		{8D526B4F-0F2B-40DA-A39C-CFEB504B72EF}.Release|Any CPU.ActiveCfg = Release|Any CPU
		{4F23DBF5-BB1D-4899-AE6D-1F0C587A4EE2}.Debug|Any CPU.ActiveCfg = Debug|Any CPU
		{4F23DBF5-BB1D-4899-AE6D-1F0C587A4EE2}.Debug|Any CPU.Build.0 = Debug|Any CPU
		{4F23DBF5-BB1D-4899-AE6D-1F0C587A4EE2}.Release|Any CPU.ActiveCfg = Release|Any CPU
		{4F23DBF5-BB1D-4899-AE6D-1F0C587A4EE2}.Release|Any CPU.Build.0 = Release|Any CPU
	EndGlobalSection
	GlobalSection(SolutionProperties) = preSolution
		HideSolutionNode = FALSE
	EndGlobalSection
	GlobalSection(ExtensibilityGlobals) = postSolution
		SolutionGuid = {D090F18C-61DA-44D6-89CE-6D925A026D0C}
	EndGlobalSection
EndGlobal
