
Microsoft Visual Studio Solution File, Format Version 12.00
# Visual Studio Version 16
VisualStudioVersion = 16.0.29215.179
MinimumVisualStudioVersion = 10.0.40219.1
Project("{FAE04EC0-301F-11D3-BF4B-00C04F79EFBC}") = "TypeInterpretation", "TypeInterpretation\TypeInterpretation.csproj", "{FAA42062-63CA-4A9C-9F73-C2E886F3B0A4}"
EndProject
Project("{FAE04EC0-301F-11D3-BF4B-00C04F79EFBC}") = "TypeInterpretation.Test", "TypeInterpretation.Test\TypeInterpretation.Test.csproj", "{97DA6E7B-74D5-4F9F-A297-EDB2926E9D06}"
EndProject
Global
	GlobalSection(SolutionConfigurationPlatforms) = preSolution
		Debug|Any CPU = Debug|Any CPU
		Release|Any CPU = Release|Any CPU
	EndGlobalSection
	GlobalSection(ProjectConfigurationPlatforms) = postSolution
		{FAA42062-63CA-4A9C-9F73-C2E886F3B0A4}.Debug|Any CPU.ActiveCfg = Debug|Any CPU
		{FAA42062-63CA-4A9C-9F73-C2E886F3B0A4}.Debug|Any CPU.Build.0 = Debug|Any CPU
		{FAA42062-63CA-4A9C-9F73-C2E886F3B0A4}.Release|Any CPU.ActiveCfg = Release|Any CPU
		{FAA42062-63CA-4A9C-9F73-C2E886F3B0A4}.Release|Any CPU.Build.0 = Release|Any CPU
		{97DA6E7B-74D5-4F9F-A297-EDB2926E9D06}.Debug|Any CPU.ActiveCfg = Debug|Any CPU
		{97DA6E7B-74D5-4F9F-A297-EDB2926E9D06}.Debug|Any CPU.Build.0 = Debug|Any CPU
		{97DA6E7B-74D5-4F9F-A297-EDB2926E9D06}.Release|Any CPU.ActiveCfg = Release|Any CPU
		{97DA6E7B-74D5-4F9F-A297-EDB2926E9D06}.Release|Any CPU.Build.0 = Release|Any CPU
	EndGlobalSection
	GlobalSection(SolutionProperties) = preSolution
		HideSolutionNode = FALSE
	EndGlobalSection
	GlobalSection(ExtensibilityGlobals) = postSolution
		SolutionGuid = {D090F18C-61DA-44D6-89CE-6D925A026D0C}
	EndGlobalSection
EndGlobal
